
Microsoft Visual Studio Solution File, Format Version 11.00
# Visual Studio 2010
Project("{8BC9CEB8-8B4A-11D0-8D11-00A0C91BC942}") = "main", "main.vcxproj", "{8067901C-1995-389C-336D-F5656CDBE78B}"
EndProject
Global
	GlobalSection(SolutionConfigurationPlatforms) = preSolution
		Debug|Win32 = Debug|Win32
		Release|Win32 = Release|Win32
	EndGlobalSection
	GlobalSection(ProjectConfigurationPlatforms) = postSolution
		{8067901C-1995-389C-336D-F5656CDBE78B}.Debug|Win32.ActiveCfg = Debug|Win32
		{8067901C-1995-389C-336D-F5656CDBE78B}.Debug|Win32.Build.0 = Debug|Win32
		{8067901C-1995-389C-336D-F5656CDBE78B}.Release|Win32.ActiveCfg = Release|Win32
		{8067901C-1995-389C-336D-F5656CDBE78B}.Release|Win32.Build.0 = Release|Win32
	EndGlobalSection
	GlobalSection(SolutionProperties) = preSolution
		HideSolutionNode = FALSE
	EndGlobalSection
EndGlobal
